
Microsoft Visual Studio Solution File, Format Version 12.00
# Visual Studio Version 17
VisualStudioVersion = 17.5.33502.453
MinimumVisualStudioVersion = 10.0.40219.1
Project("{9A19103F-16F7-4668-BE54-9A1E7A4F7556}") = "Staircase", "Staircase\Staircase.csproj", "{44FA0721-005C-4A03-ABF7-C4C1CE5A2B69}"
EndProject
Project("{9A19103F-16F7-4668-BE54-9A1E7A4F7556}") = "PlusMinus", "PlusMinus\PlusMinus.csproj", "{085D355E-4AA1-4BE6-A5FA-97BCC6E5AD8D}"
EndProject
Project("{FAE04EC0-301F-11D3-BF4B-00C04F79EFBC}") = "Mini-MaxSum", "Mini-MaxSum\Mini-MaxSum.csproj", "{4EA1997B-30E4-436D-BF8C-285514AE36BC}"
EndProject
Project("{FAE04EC0-301F-11D3-BF4B-00C04F79EFBC}") = "BirthDayCakeCandles", "BirthDayCakeCandles\BirthDayCakeCandles.csproj", "{2D5508E0-5C49-4F18-ACE1-A62E3FEE63B9}"
EndProject
Project("{FAE04EC0-301F-11D3-BF4B-00C04F79EFBC}") = "TimeConversion", "TimeConversion\TimeConversion.csproj", "{8E8100EF-D856-4B20-B6DD-D1A22478DA98}"
EndProject
Global
	GlobalSection(SolutionConfigurationPlatforms) = preSolution
		Debug|Any CPU = Debug|Any CPU
		Release|Any CPU = Release|Any CPU
	EndGlobalSection
	GlobalSection(ProjectConfigurationPlatforms) = postSolution
		{44FA0721-005C-4A03-ABF7-C4C1CE5A2B69}.Debug|Any CPU.ActiveCfg = Debug|Any CPU
		{44FA0721-005C-4A03-ABF7-C4C1CE5A2B69}.Debug|Any CPU.Build.0 = Debug|Any CPU
		{44FA0721-005C-4A03-ABF7-C4C1CE5A2B69}.Release|Any CPU.ActiveCfg = Release|Any CPU
		{44FA0721-005C-4A03-ABF7-C4C1CE5A2B69}.Release|Any CPU.Build.0 = Release|Any CPU
		{085D355E-4AA1-4BE6-A5FA-97BCC6E5AD8D}.Debug|Any CPU.ActiveCfg = Debug|Any CPU
		{085D355E-4AA1-4BE6-A5FA-97BCC6E5AD8D}.Debug|Any CPU.Build.0 = Debug|Any CPU
		{085D355E-4AA1-4BE6-A5FA-97BCC6E5AD8D}.Release|Any CPU.ActiveCfg = Release|Any CPU
		{085D355E-4AA1-4BE6-A5FA-97BCC6E5AD8D}.Release|Any CPU.Build.0 = Release|Any CPU
		{4EA1997B-30E4-436D-BF8C-285514AE36BC}.Debug|Any CPU.ActiveCfg = Debug|Any CPU
		{4EA1997B-30E4-436D-BF8C-285514AE36BC}.Debug|Any CPU.Build.0 = Debug|Any CPU
		{4EA1997B-30E4-436D-BF8C-285514AE36BC}.Release|Any CPU.ActiveCfg = Release|Any CPU
		{4EA1997B-30E4-436D-BF8C-285514AE36BC}.Release|Any CPU.Build.0 = Release|Any CPU
		{2D5508E0-5C49-4F18-ACE1-A62E3FEE63B9}.Debug|Any CPU.ActiveCfg = Debug|Any CPU
		{2D5508E0-5C49-4F18-ACE1-A62E3FEE63B9}.Debug|Any CPU.Build.0 = Debug|Any CPU
		{2D5508E0-5C49-4F18-ACE1-A62E3FEE63B9}.Release|Any CPU.ActiveCfg = Release|Any CPU
		{2D5508E0-5C49-4F18-ACE1-A62E3FEE63B9}.Release|Any CPU.Build.0 = Release|Any CPU
		{8E8100EF-D856-4B20-B6DD-D1A22478DA98}.Debug|Any CPU.ActiveCfg = Debug|Any CPU
		{8E8100EF-D856-4B20-B6DD-D1A22478DA98}.Debug|Any CPU.Build.0 = Debug|Any CPU
		{8E8100EF-D856-4B20-B6DD-D1A22478DA98}.Release|Any CPU.ActiveCfg = Release|Any CPU
		{8E8100EF-D856-4B20-B6DD-D1A22478DA98}.Release|Any CPU.Build.0 = Release|Any CPU
	EndGlobalSection
	GlobalSection(SolutionProperties) = preSolution
		HideSolutionNode = FALSE
	EndGlobalSection
	GlobalSection(ExtensibilityGlobals) = postSolution
		SolutionGuid = {7759DE13-38FA-43A2-9865-0DDA4F384C5C}
	EndGlobalSection
EndGlobal
