
Microsoft Visual Studio Solution File, Format Version 12.00
# Visual Studio Version 17
VisualStudioVersion = 17.5.33502.453
MinimumVisualStudioVersion = 10.0.40219.1
Project("{9A19103F-16F7-4668-BE54-9A1E7A4F7556}") = "Staircase", "Staircase\Staircase.csproj", "{44FA0721-005C-4A03-ABF7-C4C1CE5A2B69}"
EndProject
Project("{9A19103F-16F7-4668-BE54-9A1E7A4F7556}") = "PlusMinus", "PlusMinus\PlusMinus.csproj", "{085D355E-4AA1-4BE6-A5FA-97BCC6E5AD8D}"
EndProject
Project("{9A19103F-16F7-4668-BE54-9A1E7A4F7556}") = "Mini-MaxSum", "Mini-MaxSum\Mini-MaxSum.csproj", "{4EA1997B-30E4-436D-BF8C-285514AE36BC}"
EndProject
Project("{9A19103F-16F7-4668-BE54-9A1E7A4F7556}") = "BirthDayCakeCandles", "BirthDayCakeCandles\BirthDayCakeCandles.csproj", "{2D5508E0-5C49-4F18-ACE1-A62E3FEE63B9}"
EndProject
Project("{9A19103F-16F7-4668-BE54-9A1E7A4F7556}") = "TimeConversion", "TimeConversion\TimeConversion.csproj", "{8E8100EF-D856-4B20-B6DD-D1A22478DA98}"
EndProject
Project("{2150E333-8FDC-42A3-9474-1A3956D46DE8}") = "WarmUp", "WarmUp", "{5DFD31EF-68DD-4DF0-85E7-389CFFDE1669}"
EndProject
Project("{9A19103F-16F7-4668-BE54-9A1E7A4F7556}") = "GradingStudents", "GradingStudents\GradingStudents.csproj", "{8DB4440F-4C2F-4B57-ADE6-25F42D0B9E99}"
EndProject
Project("{9A19103F-16F7-4668-BE54-9A1E7A4F7556}") = "Apple And Orange", "Apple And Orange\Apple And Orange.csproj", "{7813E1C9-A2EB-405D-AAEA-86E85C777252}"
EndProject
Project("{9A19103F-16F7-4668-BE54-9A1E7A4F7556}") = "Kangoroo", "Kangoroo\Kangoroo.csproj", "{20032D21-6333-4507-9E2F-E2F4279AFC9C}"
EndProject
Project("{9A19103F-16F7-4668-BE54-9A1E7A4F7556}") = "Between Two Sets", "Between Two Sets\Between Two Sets.csproj", "{DDEA690C-64DB-4DF7-88EE-3026C9D9B175}"
EndProject
Project("{FAE04EC0-301F-11D3-BF4B-00C04F79EFBC}") = "Breaking Best And Worst Records", "BreakingBestAndWorstRecords\Breaking Best And Worst Records.csproj", "{CA30B5F2-E05A-4A55-AB4B-8F532F2E9F21}"
EndProject
Project("{FAE04EC0-301F-11D3-BF4B-00C04F79EFBC}") = "The Birthday Bar", "The Birthday Bar\The Birthday Bar.csproj", "{174DB377-1D6C-426E-85E4-6E2A672CFEF3}"
EndProject
Global
	GlobalSection(SolutionConfigurationPlatforms) = preSolution
		Debug|Any CPU = Debug|Any CPU
		Release|Any CPU = Release|Any CPU
	EndGlobalSection
	GlobalSection(ProjectConfigurationPlatforms) = postSolution
		{44FA0721-005C-4A03-ABF7-C4C1CE5A2B69}.Debug|Any CPU.ActiveCfg = Debug|Any CPU
		{44FA0721-005C-4A03-ABF7-C4C1CE5A2B69}.Debug|Any CPU.Build.0 = Debug|Any CPU
		{44FA0721-005C-4A03-ABF7-C4C1CE5A2B69}.Release|Any CPU.ActiveCfg = Release|Any CPU
		{44FA0721-005C-4A03-ABF7-C4C1CE5A2B69}.Release|Any CPU.Build.0 = Release|Any CPU
		{085D355E-4AA1-4BE6-A5FA-97BCC6E5AD8D}.Debug|Any CPU.ActiveCfg = Debug|Any CPU
		{085D355E-4AA1-4BE6-A5FA-97BCC6E5AD8D}.Debug|Any CPU.Build.0 = Debug|Any CPU
		{085D355E-4AA1-4BE6-A5FA-97BCC6E5AD8D}.Release|Any CPU.ActiveCfg = Release|Any CPU
		{085D355E-4AA1-4BE6-A5FA-97BCC6E5AD8D}.Release|Any CPU.Build.0 = Release|Any CPU
		{4EA1997B-30E4-436D-BF8C-285514AE36BC}.Debug|Any CPU.ActiveCfg = Debug|Any CPU
		{4EA1997B-30E4-436D-BF8C-285514AE36BC}.Debug|Any CPU.Build.0 = Debug|Any CPU
		{4EA1997B-30E4-436D-BF8C-285514AE36BC}.Release|Any CPU.ActiveCfg = Release|Any CPU
		{4EA1997B-30E4-436D-BF8C-285514AE36BC}.Release|Any CPU.Build.0 = Release|Any CPU
		{2D5508E0-5C49-4F18-ACE1-A62E3FEE63B9}.Debug|Any CPU.ActiveCfg = Debug|Any CPU
		{2D5508E0-5C49-4F18-ACE1-A62E3FEE63B9}.Debug|Any CPU.Build.0 = Debug|Any CPU
		{2D5508E0-5C49-4F18-ACE1-A62E3FEE63B9}.Release|Any CPU.ActiveCfg = Release|Any CPU
		{2D5508E0-5C49-4F18-ACE1-A62E3FEE63B9}.Release|Any CPU.Build.0 = Release|Any CPU
		{8E8100EF-D856-4B20-B6DD-D1A22478DA98}.Debug|Any CPU.ActiveCfg = Debug|Any CPU
		{8E8100EF-D856-4B20-B6DD-D1A22478DA98}.Debug|Any CPU.Build.0 = Debug|Any CPU
		{8E8100EF-D856-4B20-B6DD-D1A22478DA98}.Release|Any CPU.ActiveCfg = Release|Any CPU
		{8E8100EF-D856-4B20-B6DD-D1A22478DA98}.Release|Any CPU.Build.0 = Release|Any CPU
		{8DB4440F-4C2F-4B57-ADE6-25F42D0B9E99}.Debug|Any CPU.ActiveCfg = Debug|Any CPU
		{8DB4440F-4C2F-4B57-ADE6-25F42D0B9E99}.Debug|Any CPU.Build.0 = Debug|Any CPU
		{8DB4440F-4C2F-4B57-ADE6-25F42D0B9E99}.Release|Any CPU.ActiveCfg = Release|Any CPU
		{8DB4440F-4C2F-4B57-ADE6-25F42D0B9E99}.Release|Any CPU.Build.0 = Release|Any CPU
		{7813E1C9-A2EB-405D-AAEA-86E85C777252}.Debug|Any CPU.ActiveCfg = Debug|Any CPU
		{7813E1C9-A2EB-405D-AAEA-86E85C777252}.Debug|Any CPU.Build.0 = Debug|Any CPU
		{7813E1C9-A2EB-405D-AAEA-86E85C777252}.Release|Any CPU.ActiveCfg = Release|Any CPU
		{7813E1C9-A2EB-405D-AAEA-86E85C777252}.Release|Any CPU.Build.0 = Release|Any CPU
		{20032D21-6333-4507-9E2F-E2F4279AFC9C}.Debug|Any CPU.ActiveCfg = Debug|Any CPU
		{20032D21-6333-4507-9E2F-E2F4279AFC9C}.Debug|Any CPU.Build.0 = Debug|Any CPU
		{20032D21-6333-4507-9E2F-E2F4279AFC9C}.Release|Any CPU.ActiveCfg = Release|Any CPU
		{20032D21-6333-4507-9E2F-E2F4279AFC9C}.Release|Any CPU.Build.0 = Release|Any CPU
		{DDEA690C-64DB-4DF7-88EE-3026C9D9B175}.Debug|Any CPU.ActiveCfg = Debug|Any CPU
		{DDEA690C-64DB-4DF7-88EE-3026C9D9B175}.Debug|Any CPU.Build.0 = Debug|Any CPU
		{DDEA690C-64DB-4DF7-88EE-3026C9D9B175}.Release|Any CPU.ActiveCfg = Release|Any CPU
		{DDEA690C-64DB-4DF7-88EE-3026C9D9B175}.Release|Any CPU.Build.0 = Release|Any CPU
		{CA30B5F2-E05A-4A55-AB4B-8F532F2E9F21}.Debug|Any CPU.ActiveCfg = Debug|Any CPU
		{CA30B5F2-E05A-4A55-AB4B-8F532F2E9F21}.Debug|Any CPU.Build.0 = Debug|Any CPU
		{CA30B5F2-E05A-4A55-AB4B-8F532F2E9F21}.Release|Any CPU.ActiveCfg = Release|Any CPU
		{CA30B5F2-E05A-4A55-AB4B-8F532F2E9F21}.Release|Any CPU.Build.0 = Release|Any CPU
		{174DB377-1D6C-426E-85E4-6E2A672CFEF3}.Debug|Any CPU.ActiveCfg = Debug|Any CPU
		{174DB377-1D6C-426E-85E4-6E2A672CFEF3}.Debug|Any CPU.Build.0 = Debug|Any CPU
		{174DB377-1D6C-426E-85E4-6E2A672CFEF3}.Release|Any CPU.ActiveCfg = Release|Any CPU
		{174DB377-1D6C-426E-85E4-6E2A672CFEF3}.Release|Any CPU.Build.0 = Release|Any CPU
	EndGlobalSection
	GlobalSection(SolutionProperties) = preSolution
		HideSolutionNode = FALSE
	EndGlobalSection
	GlobalSection(NestedProjects) = preSolution
		{44FA0721-005C-4A03-ABF7-C4C1CE5A2B69} = {5DFD31EF-68DD-4DF0-85E7-389CFFDE1669}
		{085D355E-4AA1-4BE6-A5FA-97BCC6E5AD8D} = {5DFD31EF-68DD-4DF0-85E7-389CFFDE1669}
		{4EA1997B-30E4-436D-BF8C-285514AE36BC} = {5DFD31EF-68DD-4DF0-85E7-389CFFDE1669}
		{2D5508E0-5C49-4F18-ACE1-A62E3FEE63B9} = {5DFD31EF-68DD-4DF0-85E7-389CFFDE1669}
		{8E8100EF-D856-4B20-B6DD-D1A22478DA98} = {5DFD31EF-68DD-4DF0-85E7-389CFFDE1669}
	EndGlobalSection
	GlobalSection(ExtensibilityGlobals) = postSolution
		SolutionGuid = {7759DE13-38FA-43A2-9865-0DDA4F384C5C}
	EndGlobalSection
EndGlobal
